dependencies:
- name: app-deployment
  repository: file://../../../../helm-charts/app-deployment
  version: 0.2.1
- name: app-job
  repository: file://../../../../helm-charts/app-job
  version: 0.2.0
digest: sha256:e410abacd7d7d030d2e180a654ebc4eb2f1586e6f8a45ec90665a6a3999eeab8
generated: "2021-11-24T11:28:13.226035-05:00"
